
Microsoft Visual Studio Solution File, Format Version 12.00
# Visual Studio Version 17
VisualStudioVersion = 17.1.32328.378
MinimumVisualStudioVersion = 10.0.40219.1
Project("{2150E333-8FDC-42A3-9474-1A3956D46DE8}") = "Bussiness Layer", "Bussiness Layer", "{CC0BABC8-F68A-4DFB-B9A2-44C03C884EA5}"
EndProject
Project("{2150E333-8FDC-42A3-9474-1A3956D46DE8}") = "Data Layer", "Data Layer", "{8273E6A3-F388-4043-B15C-8815256B1BDB}"
EndProject
Project("{2150E333-8FDC-42A3-9474-1A3956D46DE8}") = "Presentation Layer", "Presentation Layer", "{E98C09E1-DC83-43BB-9D2B-EC756AC67B5F}"
EndProject
Project("{9A19103F-16F7-4668-BE54-9A1E7A4F7556}") = "BusinessObject", "BusinessObject\BusinessObject.csproj", "{72E2143D-C371-4753-A5F3-F4A09AC90C44}"
EndProject
Project("{9A19103F-16F7-4668-BE54-9A1E7A4F7556}") = "DataAccess", "DataAccess\DataAccess.csproj", "{7E110D2E-5661-4399-B127-709466EE415C}"
EndProject
Project("{9A19103F-16F7-4668-BE54-9A1E7A4F7556}") = "MyStoreWinApp", "MyStoreWinApp\MyStoreWinApp.csproj", "{ECCF25A9-FB78-4EA0-8F13-AA9879D1521B}"
EndProject
Global
	GlobalSection(SolutionConfigurationPlatforms) = preSolution
		Debug|Any CPU = Debug|Any CPU
		Release|Any CPU = Release|Any CPU
	EndGlobalSection
	GlobalSection(ProjectConfigurationPlatforms) = postSolution
		{72E2143D-C371-4753-A5F3-F4A09AC90C44}.Debug|Any CPU.ActiveCfg = Debug|Any CPU
		{72E2143D-C371-4753-A5F3-F4A09AC90C44}.Debug|Any CPU.Build.0 = Debug|Any CPU
		{72E2143D-C371-4753-A5F3-F4A09AC90C44}.Release|Any CPU.ActiveCfg = Release|Any CPU
		{72E2143D-C371-4753-A5F3-F4A09AC90C44}.Release|Any CPU.Build.0 = Release|Any CPU
		{7E110D2E-5661-4399-B127-709466EE415C}.Debug|Any CPU.ActiveCfg = Debug|Any CPU
		{7E110D2E-5661-4399-B127-709466EE415C}.Debug|Any CPU.Build.0 = Debug|Any CPU
		{7E110D2E-5661-4399-B127-709466EE415C}.Release|Any CPU.ActiveCfg = Release|Any CPU
		{7E110D2E-5661-4399-B127-709466EE415C}.Release|Any CPU.Build.0 = Release|Any CPU
		{ECCF25A9-FB78-4EA0-8F13-AA9879D1521B}.Debug|Any CPU.ActiveCfg = Debug|Any CPU
		{ECCF25A9-FB78-4EA0-8F13-AA9879D1521B}.Debug|Any CPU.Build.0 = Debug|Any CPU
		{ECCF25A9-FB78-4EA0-8F13-AA9879D1521B}.Release|Any CPU.ActiveCfg = Release|Any CPU
		{ECCF25A9-FB78-4EA0-8F13-AA9879D1521B}.Release|Any CPU.Build.0 = Release|Any CPU
	EndGlobalSection
	GlobalSection(SolutionProperties) = preSolution
		HideSolutionNode = FALSE
	EndGlobalSection
	GlobalSection(NestedProjects) = preSolution
		{72E2143D-C371-4753-A5F3-F4A09AC90C44} = {CC0BABC8-F68A-4DFB-B9A2-44C03C884EA5}
		{7E110D2E-5661-4399-B127-709466EE415C} = {8273E6A3-F388-4043-B15C-8815256B1BDB}
		{ECCF25A9-FB78-4EA0-8F13-AA9879D1521B} = {E98C09E1-DC83-43BB-9D2B-EC756AC67B5F}
	EndGlobalSection
	GlobalSection(ExtensibilityGlobals) = postSolution
		SolutionGuid = {A867D7F0-FCBE-4B3D-A7BE-683ACE84FE2A}
	EndGlobalSection
EndGlobal
