
Microsoft Visual Studio Solution File, Format Version 12.00
# Visual Studio Version 17
VisualStudioVersion = 17.1.32328.378
MinimumVisualStudioVersion = 10.0.40219.1
Project("{2150E333-8FDC-42A3-9474-1A3956D46DE8}") = "Bussiness Layer", "Bussiness Layer", "{CC0BABC8-F68A-4DFB-B9A2-44C03C884EA5}"
EndProject
Project("{2150E333-8FDC-42A3-9474-1A3956D46DE8}") = "Data Layer", "Data Layer", "{8273E6A3-F388-4043-B15C-8815256B1BDB}"
EndProject
Project("{2150E333-8FDC-42A3-9474-1A3956D46DE8}") = "Presentation Layer", "Presentation Layer", "{E98C09E1-DC83-43BB-9D2B-EC756AC67B5F}"
EndProject
Project("{9A19103F-16F7-4668-BE54-9A1E7A4F7556}") = "BusinessObject", "..\Assigment1-PRN211-Team2\BusinessObject\BusinessObject.csproj", "{4F0669FD-C846-4783-A96D-04726AD045F6}"
EndProject
Project("{9A19103F-16F7-4668-BE54-9A1E7A4F7556}") = "DataAccess", "..\Assigment1-PRN211-Team2\DataAccess\DataAccess.csproj", "{0BD81FEE-9688-448C-850D-6DB1DA072E8B}"
EndProject
Project("{9A19103F-16F7-4668-BE54-9A1E7A4F7556}") = "MyStoreWinApp", "..\Assigment1-PRN211-Team2\MyStoreWinApp\MyStoreWinApp.csproj", "{C87F20A7-3C46-48AE-9BE1-6FBA2769813C}"
EndProject
Global
	GlobalSection(SolutionConfigurationPlatforms) = preSolution
		Debug|Any CPU = Debug|Any CPU
		Release|Any CPU = Release|Any CPU
	EndGlobalSection
	GlobalSection(ProjectConfigurationPlatforms) = postSolution
		{4F0669FD-C846-4783-A96D-04726AD045F6}.Debug|Any CPU.ActiveCfg = Debug|Any CPU
		{4F0669FD-C846-4783-A96D-04726AD045F6}.Debug|Any CPU.Build.0 = Debug|Any CPU
		{4F0669FD-C846-4783-A96D-04726AD045F6}.Release|Any CPU.ActiveCfg = Release|Any CPU
		{4F0669FD-C846-4783-A96D-04726AD045F6}.Release|Any CPU.Build.0 = Release|Any CPU
		{0BD81FEE-9688-448C-850D-6DB1DA072E8B}.Debug|Any CPU.ActiveCfg = Debug|Any CPU
		{0BD81FEE-9688-448C-850D-6DB1DA072E8B}.Debug|Any CPU.Build.0 = Debug|Any CPU
		{0BD81FEE-9688-448C-850D-6DB1DA072E8B}.Release|Any CPU.ActiveCfg = Release|Any CPU
		{0BD81FEE-9688-448C-850D-6DB1DA072E8B}.Release|Any CPU.Build.0 = Release|Any CPU
		{C87F20A7-3C46-48AE-9BE1-6FBA2769813C}.Debug|Any CPU.ActiveCfg = Debug|Any CPU
		{C87F20A7-3C46-48AE-9BE1-6FBA2769813C}.Debug|Any CPU.Build.0 = Debug|Any CPU
		{C87F20A7-3C46-48AE-9BE1-6FBA2769813C}.Release|Any CPU.ActiveCfg = Release|Any CPU
		{C87F20A7-3C46-48AE-9BE1-6FBA2769813C}.Release|Any CPU.Build.0 = Release|Any CPU
	EndGlobalSection
	GlobalSection(SolutionProperties) = preSolution
		HideSolutionNode = FALSE
	EndGlobalSection
	GlobalSection(NestedProjects) = preSolution
		{4F0669FD-C846-4783-A96D-04726AD045F6} = {CC0BABC8-F68A-4DFB-B9A2-44C03C884EA5}
		{0BD81FEE-9688-448C-850D-6DB1DA072E8B} = {8273E6A3-F388-4043-B15C-8815256B1BDB}
		{C87F20A7-3C46-48AE-9BE1-6FBA2769813C} = {E98C09E1-DC83-43BB-9D2B-EC756AC67B5F}
	EndGlobalSection
	GlobalSection(ExtensibilityGlobals) = postSolution
		SolutionGuid = {A867D7F0-FCBE-4B3D-A7BE-683ACE84FE2A}
	EndGlobalSection
EndGlobal
